# Dependencies
node_modules/
server/node_modules/

# Build output
dist/
dist-ssr/
build/

# Environment variables
.env
.env.local
.env.*.local
server/.env

# Backend data & uploads (generated at runtime)
server/data/db.json
server/uploads/*
!server/uploads/.gitkeep

# Logs
logs/
*.log
npm-debug.log*
yarn-debug.log*
yarn-error.log*
pnpm-debug.log*

# Editor / OS
.vscode/*
!.vscode/extensions.json
.idea/
.DS_Store
Thumbs.db

# Vite
.vite/
*.local

# Testing / coverage
coverage/

# Misc caches
.cache/
.eslintcache
